// !$*UTF8*$!
{
	archiveVersion = 1;
	classes = {
	};
	objectVersion = 46;
	objects = {

/* Begin PBXBuildFile section */
		23A7D7D51B92A91B0065FD49 /* AppDelegate.swift in Sources */ = {isa = PBXBuildFile; fileRef = 23A7D7D41B92A91B0065FD49 /* AppDelegate.swift */; };
		23A7D7D71B92A91B0065FD49 /* ViewController.swift in Sources */ = {isa = PBXBuildFile; fileRef = 23A7D7D61B92A91B0065FD49 /* ViewController.swift */; };
		23A7D7DA1B92A91B0065FD49 /* Main.storyboard in Resources */ = {isa = PBXBuildFile; fileRef = 23A7D7D81B92A91B0065FD49 /* Main.storyboard */; };
		23A7D7DC1B92A91B0065FD49 /* Images.xcassets in Resources */ = {isa = PBXBuildFile; fileRef = 23A7D7DB1B92A91B0065FD49 /* Images.xcassets */; };
		23A7D7DF1B92A91B0065FD49 /* LaunchScreen.xib in Resources */ = {isa = PBXBuildFile; fileRef = 23A7D7DD1B92A91B0065FD49 /* LaunchScreen.xib */; };
		23A7D7EB1B92A91B0065FD49 /* experimentTests.swift in Sources */ = {isa = PBXBuildFile; fileRef = 23A7D7EA1B92A91B0065FD49 /* experimentTests.swift */; };
/* End PBXBuildFile section */

/* Begin PBXContainerItemProxy section */
		23A7D7E51B92A91B0065FD49 /* PBXContainerItemProxy */ = {
			isa = PBXContainerItemProxy;
			containerPortal = 23A7D7C71B92A91B0065FD49 /* Project object */;
			proxyType = 1;
			remoteGlobalIDString = 23A7D7CE1B92A91B0065FD49;
			remoteInfo = experiment;
		};
/* End PBXContainerItemProxy section */

/* Begin PBXFileReference section */
		23A7D7CF1B92A91B0065FD49 /* experiment.app */ = {isa = PBXFileReference; explicitFileType = wrapper.application; includeInIndex = 0; path = experiment.app; sourceTree = BUILT_PRODUCTS_DIR; };
		23A7D7D31B92A91B0065FD49 /* Info.plist */ = {isa = PBXFileReference; lastKnownFileType = text.plist.xml; path = Info.plist; sourceTree = "<group>"; };
		23A7D7D41B92A91B0065FD49 /* AppDelegate.swift */ = {isa = PBXFileReference; lastKnownFileType = sourcecode.swift; path = AppDelegate.swift; sourceTree = "<group>"; };
		23A7D7D61B92A91B0065FD49 /* ViewController.swift */ = {isa = PBXFileReference; lastKnownFileType = sourcecode.swift; path = ViewController.swift; sourceTree = "<group>"; };
		23A7D7D91B92A91B0065FD49 /* Base */ = {isa = PBXFileReference; lastKnownFileType = file.storyboard; name = Base; path = Base.lproj/Main.storyboard; sourceTree = "<group>"; };
		23A7D7DB1B92A91B0065FD49 /* Images.xcassets */ = {isa = PBXFileReference; lastKnownFileType = folder.assetcatalog; path = Images.xcassets; sourceTree = "<group>"; };
		23A7D7DE1B92A91B0065FD49 /* Base */ = {isa = PBXFileReference; lastKnownFileType = file.xib; name = Base; path = Base.lproj/LaunchScreen.xib; sourceTree = "<group>"; };
		23A7D7E41B92A91B0065FD49 /* experimentTests.xctest */ = {isa = PBXFileReference; explicitFileType = wrapper.cfbundle; includeInIndex = 0; path = experimentTests.xctest; sourceTree = BUILT_PRODUCTS_DIR; };
		23A7D7E91B92A91B0065FD49 /* Info.plist */ = {isa = PBXFileReference; lastKnownFileType = text.plist.xml; path = Info.plist; sourceTree = "<group>"; };
		23A7D7EA1B92A91B0065FD49 /* experimentTests.swift */ = {isa = PBXFileReference; lastKnownFileType = sourcecode.swift; path = experimentTests.swift; sourceTree = "<group>"; };
/* End PBXFileReference section */

/* Begin PBXFrameworksBuildPhase section */
		23A7D7CC1B92A91B0065FD49 /* Frameworks */ = {
			isa = PBXFrameworksBuildPhase;
			buildActionMask = 2147483647;
			files = (
			);
			runOnlyForDeploymentPostprocessing = 0;
		};
		23A7D7E11B92A91B0065FD49 /* Frameworks */ = {
			isa = PBXFrameworksBuildPhase;
			buildActionMask = 2147483647;
			files = (
			);
			runOnlyForDeploymentPostprocessing = 0;
		};
/* End PBXFrameworksBuildPhase section */

/* Begin PBXGroup section */
		23A7D7C61B92A91B0065FD49 = {
			isa = PBXGroup;
			children = (
				23A7D7D11B92A91B0065FD49 /* experiment */,
				23A7D7E71B92A91B0065FD49 /* experimentTests */,
				23A7D7D01B92A91B0065FD49 /* Products */,
			);
			sourceTree = "<group>";
		};
		23A7D7D01B92A91B0065FD49 /* Products */ = {
			isa = PBXGroup;
			children = (
				23A7D7CF1B92A91B0065FD49 /* experiment.app */,
				23A7D7E41B92A91B0065FD49 /* experimentTests.xctest */,
			);
			name = Products;
			sourceTree = "<group>";
		};
		23A7D7D11B92A91B0065FD49 /* experiment */ = {
			isa = PBXGroup;
			children = (
				23A7D7D41B92A91B0065FD49 /* AppDelegate.swift */,
				23A7D7D61B92A91B0065FD49 /* ViewController.swift */,
				23A7D7D81B92A91B0065FD49 /* Main.storyboard */,
				23A7D7DB1B92A91B0065FD49 /* Images.xcassets */,
				23A7D7DD1B92A91B0065FD49 /* LaunchScreen.xib */,
				23A7D7D21B92A91B0065FD49 /* Supporting Files */,
			);
			path = experiment;
			sourceTree = "<group>";
		};
		23A7D7D21B92A91B0065FD49 /* Supporting Files */ = {
			isa = PBXGroup;
			children = (
				23A7D7D31B92A91B0065FD49 /* Info.plist */,
			);
			name = "Supporting Files";
			sourceTree = "<group>";
		};
		23A7D7E71B92A91B0065FD49 /* experimentTests */ = {
			isa = PBXGroup;
			children = (
				23A7D7EA1B92A91B0065FD49 /* experimentTests.swift */,
				23A7D7E81B92A91B0065FD49 /* Supporting Files */,
			);
			path = experimentTests;
			sourceTree = "<group>";
		};
		23A7D7E81B92A91B0065FD49 /* Supporting Files */ = {
			isa = PBXGroup;
			children = (
				23A7D7E91B92A91B0065FD49 /* Info.plist */,
			);
			name = "Supporting Files";
			sourceTree = "<group>";
		};
/* End PBXGroup section */

/* Begin PBXNativeTarget section */
		23A7D7CE1B92A91B0065FD49 /* experiment */ = {
			isa = PBXNativeTarget;
			buildConfigurationList = 23A7D7EE1B92A91B0065FD49 /* Build configuration list for PBXNativeTarget "experiment" */;
			buildPhases = (
				23A7D7CB1B92A91B0065FD49 /* Sources */,
				23A7D7CC1B92A91B0065FD49 /* Frameworks */,
				23A7D7CD1B92A91B0065FD49 /* Resources */,
			);
			buildRules = (
			);
			dependencies = (
			);
			name = experiment;
			productName = experiment;
			productReference = 23A7D7CF1B92A91B0065FD49 /* experiment.app */;
			productType = "com.apple.product-type.application";
		};
		23A7D7E31B92A91B0065FD49 /* experimentTests */ = {
			isa = PBXNativeTarget;
			buildConfigurationList = 23A7D7F11B92A91B0065FD49 /* Build configuration list for PBXNativeTarget "experimentTests" */;
			buildPhases = (
				23A7D7E01B92A91B0065FD49 /* Sources */,
				23A7D7E11B92A91B0065FD49 /* Frameworks */,
				23A7D7E21B92A91B0065FD49 /* Resources */,
			);
			buildRules = (
			);
			dependencies = (
				23A7D7E61B92A91B0065FD49 /* PBXTargetDependency */,
			);
			name = experimentTests;
			productName = experimentTests;
			productReference = 23A7D7E41B92A91B0065FD49 /* experimentTests.xctest */;
			productType = "com.apple.product-type.bundle.unit-test";
		};
/* End PBXNativeTarget section */

/* Begin PBXProject section */
		23A7D7C71B92A91B0065FD49 /* Project object */ = {
			isa = PBXProject;
			attributes = {
				LastUpgradeCheck = 0640;
				ORGANIZATIONNAME = bhag;
				TargetAttributes = {
					23A7D7CE1B92A91B0065FD49 = {
						CreatedOnToolsVersion = 6.4;
					};
					23A7D7E31B92A91B0065FD49 = {
						CreatedOnToolsVersion = 6.4;
						TestTargetID = 23A7D7CE1B92A91B0065FD49;
					};
				};
			};
			buildConfigurationList = 23A7D7CA1B92A91B0065FD49 /* Build configuration list for PBXProject "experiment" */;
			compatibilityVersion = "Xcode 3.2";
			developmentRegion = English;
			hasScannedForEncodings = 0;
			knownRegions = (
				en,
				Base,
			);
			mainGroup = 23A7D7C61B92A91B0065FD49;
			productRefGroup = 23A7D7D01B92A91B0065FD49 /* Products */;
			projectDirPath = "";
			projectRoot = "";
			targets = (
				23A7D7CE1B92A91B0065FD49 /* experiment */,
				23A7D7E31B92A91B0065FD49 /* experimentTests */,
			);
		};
/* End PBXProject section */

/* Begin PBXResourcesBuildPhase section */
		23A7D7CD1B92A91B0065FD49 /* Resources */ = {
			isa = PBXResourcesBuildPhase;
			buildActionMask = 2147483647;
			files = (
				23A7D7DA1B92A91B0065FD49 /* Main.storyboard in Resources */,
				23A7D7DF1B92A91B0065FD49 /* LaunchScreen.xib in Resources */,
				23A7D7DC1B92A91B0065FD49 /* Images.xcassets in Resources */,
			);
			runOnlyForDeploymentPostprocessing = 0;
		};
		23A7D7E21B92A91B0065FD49 /* Resources */ = {
			isa = PBXResourcesBuildPhase;
			buildActionMask = 2147483647;
			files = (
			);
			runOnlyForDeploymentPostprocessing = 0;
		};
/* End PBXResourcesBuildPhase section */

/* Begin PBXSourcesBuildPhase section */
		23A7D7CB1B92A91B0065FD49 /* Sources */ = {
			isa = PBXSourcesBuildPhase;
			buildActionMask = 2147483647;
			files = (
				23A7D7D71B92A91B0065FD49 /* ViewController.swift in Sources */,
				23A7D7D51B92A91B0065FD49 /* AppDelegate.swift in Sources */,
			);
			runOnlyForDeploymentPostprocessing = 0;
		};
		23A7D7E01B92A91B0065FD49 /* Sources */ = {
			isa = PBXSourcesBuildPhase;
			buildActionMask = 2147483647;
			files = (
				23A7D7EB1B92A91B0065FD49 /* experimentTests.swift in Sources */,
			);
			runOnlyForDeploymentPostprocessing = 0;
		};
/* End PBXSourcesBuildPhase section */

/* Begin PBXTargetDependency section */
		23A7D7E61B92A91B0065FD49 /* PBXTargetDependency */ = {
			isa = PBXTargetDependency;
			target = 23A7D7CE1B92A91B0065FD49 /* experiment */;
			targetProxy = 23A7D7E51B92A91B0065FD49 /* PBXContainerItemProxy */;
		};
/* End PBXTargetDependency section */

/* Begin PBXVariantGroup section */
		23A7D7D81B92A91B0065FD49 /* Main.storyboard */ = {
			isa = PBXVariantGroup;
			children = (
				23A7D7D91B92A91B0065FD49 /* Base */,
			);
			name = Main.storyboard;
			sourceTree = "<group>";
		};
		23A7D7DD1B92A91B0065FD49 /* LaunchScreen.xib */ = {
			isa = PBXVariantGroup;
			children = (
				23A7D7DE1B92A91B0065FD49 /* Base */,
			);
			name = LaunchScreen.xib;
			sourceTree = "<group>";
		};
/* End PBXVariantGroup section */

/* Begin XCBuildConfiguration section */
		23A7D7EC1B92A91B0065FD49 /* Debug */ = {
			isa = XCBuildConfiguration;
			buildSettings = {
				ALWAYS_SEARCH_USER_PATHS = NO;
				CLANG_CXX_LANGUAGE_STANDARD = "gnu++0x";
				CLANG_CXX_LIBRARY = "libc++";
				CLANG_ENABLE_MODULES = YES;
				CLANG_ENABLE_OBJC_ARC = YES;
				CLANG_WARN_BOOL_CONVERSION = YES;
				CLANG_WARN_CONSTANT_CONVERSION = YES;
				CLANG_WARN_DIRECT_OBJC_ISA_USAGE = YES_ERROR;
				CLANG_WARN_EMPTY_BODY = YES;
				CLANG_WARN_ENUM_CONVERSION = YES;
				CLANG_WARN_INT_CONVERSION = YES;
				CLANG_WARN_OBJC_ROOT_CLASS = YES_ERROR;
				CLANG_WARN_UNREACHABLE_CODE = YES;
				CLANG_WARN__DUPLICATE_METHOD_MATCH = YES;
				"CODE_SIGN_IDENTITY[sdk=iphoneos*]" = "iPhone Developer";
				COPY_PHASE_STRIP = NO;
				DEBUG_INFORMATION_FORMAT = "dwarf-with-dsym";
				ENABLE_STRICT_OBJC_MSGSEND = YES;
				GCC_C_LANGUAGE_STANDARD = gnu99;
				GCC_DYNAMIC_NO_PIC = NO;
				GCC_NO_COMMON_BLOCKS = YES;
				GCC_OPTIMIZATION_LEVEL = 0;
				GCC_PREPROCESSOR_DEFINITIONS = (
					"DEBUG=1",
					"$(inherited)",
				);
				GCC_SYMBOLS_PRIVATE_EXTERN = NO;
				GCC_WARN_64_TO_32_BIT_CONVERSION = YES;
				GCC_WARN_ABOUT_RETURN_TYPE = YES_ERROR;
				GCC_WARN_UNDECLARED_SELECTOR = YES;
				GCC_WARN_UNINITIALIZED_AUTOS = YES_AGGRESSIVE;
				GCC_WARN_UNUSED_FUNCTION = YES;
				GCC_WARN_UNUSED_VARIABLE = YES;
				IPHONEOS_DEPLOYMENT_TARGET = 8.4;
				MTL_ENABLE_DEBUG_INFO = YES;
				ONLY_ACTIVE_ARCH = YES;
				SDKROOT = iphoneos;
				SWIFT_OPTIMIZATION_LEVEL = "-Onone";
			};
			name = Debug;
		};
		23A7D7ED1B92A91B0065FD49 /* Release */ = {
			isa = XCBuildConfiguration;
			buildSettings = {
				ALWAYS_SEARCH_USER_PATHS = NO;
				CLANG_CXX_LANGUAGE_STANDARD = "gnu++0x";
				CLANG_CXX_LIBRARY = "libc++";
				CLANG_ENABLE_MODULES = YES;
				CLANG_ENABLE_OBJC_ARC = YES;
				CLANG_WARN_BOOL_CONVERSION = YES;
				CLANG_WARN_CONSTANT_CONVERSION = YES;
				CLANG_WARN_DIRECT_OBJC_ISA_USAGE = YES_ERROR;
				CLANG_WARN_EMPTY_BODY = YES;
				CLANG_WARN_ENUM_CONVERSION = YES;
				CLANG_WARN_INT_CONVERSION = YES;
				CLANG_WARN_OBJC_ROOT_CLASS = YES_ERROR;
				CLANG_WARN_UNREACHABLE_CODE = YES;
				CLANG_WARN__DUPLICATE_METHOD_MATCH = YES;
				"CODE_SIGN_IDENTITY[sdk=iphoneos*]" = "iPhone Developer";
				COPY_PHASE_STRIP = NO;
				DEBUG_INFORMATION_FORMAT = "dwarf-with-dsym";
				ENABLE_NS_ASSERTIONS = NO;
				ENABLE_STRICT_OBJC_MSGSEND = YES;
				GCC_C_LANGUAGE_STANDARD = gnu99;
				GCC_NO_COMMON_BLOCKS = YES;
				GCC_WARN_64_TO_32_BIT_CONVERSION = YES;
				GCC_WARN_ABOUT_RETURN_TYPE = YES_ERROR;
				GCC_WARN_UNDECLARED_SELECTOR = YES;
				GCC_WARN_UNINITIALIZED_AUTOS = YES_AGGRESSIVE;
				GCC_WARN_UNUSED_FUNCTION = YES;
				GCC_WARN_UNUSED_VARIABLE = YES;
				IPHONEOS_DEPLOYMENT_TARGET = 8.4;
				MTL_ENABLE_DEBUG_INFO = NO;
				SDKROOT = iphoneos;
				VALIDATE_PRODUCT = YES;
			};
			name = Release;
		};
		23A7D7EF1B92A91B0065FD49 /* Debug */ = {
			isa = XCBuildConfiguration;
			buildSettings = {
				ASSETCATALOG_COMPILER_APPICON_NAME = AppIcon;
				INFOPLIST_FILE = experiment/Info.plist;
				LD_RUNPATH_SEARCH_PATHS = "$(inherited) @executable_path/Frameworks";
				PRODUCT_NAME = "$(TARGET_NAME)";
			};
			name = Debug;
		};
		23A7D7F01B92A91B0065FD49 /* Release */ = {
			isa = XCBuildConfiguration;
			buildSettings = {
				ASSETCATALOG_COMPILER_APPICON_NAME = AppIcon;
				INFOPLIST_FILE = experiment/Info.plist;
				LD_RUNPATH_SEARCH_PATHS = "$(inherited) @executable_path/Frameworks";
				PRODUCT_NAME = "$(TARGET_NAME)";
			};
			name = Release;
		};
		23A7D7F21B92A91B0065FD49 /* Debug */ = {
			isa = XCBuildConfiguration;
			buildSettings = {
				BUNDLE_LOADER = "$(TEST_HOST)";
				FRAMEWORK_SEARCH_PATHS = (
					"$(SDKROOT)/Developer/Library/Frameworks",
					"$(inherited)",
				);
				GCC_PREPROCESSOR_DEFINITIONS = (
					"DEBUG=1",
					"$(inherited)",
				);
				INFOPLIST_FILE = experimentTests/Info.plist;
				LD_RUNPATH_SEARCH_PATHS = "$(inherited) @executable_path/Frameworks @loader_path/Frameworks";
				PRODUCT_NAME = "$(TARGET_NAME)";
				TEST_HOST = "$(BUILT_PRODUCTS_DIR)/experiment.app/experiment";
			};
			name = Debug;
		};
		23A7D7F31B92A91B0065FD49 /* Release */ = {
			isa = XCBuildConfiguration;
			buildSettings = {
				BUNDLE_LOADER = "$(TEST_HOST)";
				FRAMEWORK_SEARCH_PATHS = (
					"$(SDKROOT)/Developer/Library/Frameworks",
					"$(inherited)",
				);
				INFOPLIST_FILE = experimentTests/Info.plist;
				LD_RUNPATH_SEARCH_PATHS = "$(inherited) @executable_path/Frameworks @loader_path/Frameworks";
				PRODUCT_NAME = "$(TARGET_NAME)";
				TEST_HOST = "$(BUILT_PRODUCTS_DIR)/experiment.app/experiment";
			};
			name = Release;
		};
/* End XCBuildConfiguration section */

/* Begin XCConfigurationList section */
		23A7D7CA1B92A91B0065FD49 /* Build configuration list for PBXProject "experiment" */ = {
			isa = XCConfigurationList;
			buildConfigurations = (
				23A7D7EC1B92A91B0065FD49 /* Debug */,
				23A7D7ED1B92A91B0065FD49 /* Release */,
			);
			defaultConfigurationIsVisible = 0;
			defaultConfigurationName = Release;
		};
		23A7D7EE1B92A91B0065FD49 /* Build configuration list for PBXNativeTarget "experiment" */ = {
			isa = XCConfigurationList;
			buildConfigurations = (
				23A7D7EF1B92A91B0065FD49 /* Debug */,
				23A7D7F01B92A91B0065FD49 /* Release */,
			);
			defaultConfigurationIsVisible = 0;
		};
		23A7D7F11B92A91B0065FD49 /* Build configuration list for PBXNativeTarget "experimentTests" */ = {
			isa = XCConfigurationList;
			buildConfigurations = (
				23A7D7F21B92A91B0065FD49 /* Debug */,
				23A7D7F31B92A91B0065FD49 /* Release */,
			);
			defaultConfigurationIsVisible = 0;
		};
/* End XCConfigurationList section */
	};
	rootObject = 23A7D7C71B92A91B0065FD49 /* Project object */;
}
